{
  "name": "angular.io-example",
  "version": "0.0.0",
  "lockfileVersion": 1,
  "requires": true,
  "dependencies": {
    "@angular/core": {
      "version": "12.0.1",
      "resolved": "https://registry.npmjs.org/@angular/core/-/core-12.0.1.tgz",
      "integrity": "sha512-DA5hl0Hl97KTWbktXg1O3+Pt34hwsF1iY2l+8fSexfsKawHhZQuBjGnm8JNuIvKbu70MqHX0OBf2vNTK/Z06HQ==",
      "requires": {
        "tslib": "^2.1.0"
      },
      "dependencies": {
        "tslib": {
          "version": "2.2.0",
          "resolved": "https://registry.npmjs.org/tslib/-/tslib-2.2.0.tgz",
          "integrity": "sha512-gS9GVHRU+RGn5KQM2rllAlR3dU6m7AcpJKdtH8gFvQiC4Otgk98XnmMU+nZenHt/+VhnBPWwgrJsyrdcw6i23w=="
        }
      }
    },
    "@ionic/pwa-elements": {
      "version": "3.0.2",
      "resolved": "https://registry.npmjs.org/@ionic/pwa-elements/-/pwa-elements-3.0.2.tgz",
      "integrity": "sha512-Wwb8/NgzeX1GA8MDPvcis7nx1vqtWdEaDz3t0tTbtUduR/oCNkWZkY2PFL49ET0+/lRhcqE2jZwXvTVn0R1UGw=="
    }
  }
}
